
Microsoft Visual Studio Solution File, Format Version 12.00
# Visual Studio Version 17
VisualStudioVersion = 17.11.35219.272
MinimumVisualStudioVersion = 10.0.40219.1
Project("{FAE04EC0-301F-11D3-BF4B-00C04F79EFBC}") = "TaskHive", "TaskHive\TaskHive.csproj", "{48C96391-B6D5-49D4-92E1-A84D94D1BC6B}"
EndProject
Global
	GlobalSection(SolutionConfigurationPlatforms) = preSolution
		Debug|Any CPU = Debug|Any CPU
		Release|Any CPU = Release|Any CPU
	EndGlobalSection
	GlobalSection(ProjectConfigurationPlatforms) = postSolution
		{48C96391-B6D5-49D4-92E1-A84D94D1BC6B}.Debug|Any CPU.ActiveCfg = Debug|Any CPU
		{48C96391-B6D5-49D4-92E1-A84D94D1BC6B}.Debug|Any CPU.Build.0 = Debug|Any CPU
		{48C96391-B6D5-49D4-92E1-A84D94D1BC6B}.Release|Any CPU.ActiveCfg = Release|Any CPU
		{48C96391-B6D5-49D4-92E1-A84D94D1BC6B}.Release|Any CPU.Build.0 = Release|Any CPU
	EndGlobalSection
	GlobalSection(SolutionProperties) = preSolution
		HideSolutionNode = FALSE
	EndGlobalSection
	GlobalSection(ExtensibilityGlobals) = postSolution
		SolutionGuid = {402012AF-7A2C-4438-AA28-B93CE765CA49}
	EndGlobalSection
EndGlobal
